
Microsoft Visual Studio Solution File, Format Version 12.00
# Visual Studio Version 17
VisualStudioVersion = 17.12.35707.178 d17.12
MinimumVisualStudioVersion = 10.0.40219.1
Project("{FAE04EC0-301F-11D3-BF4B-00C04F79EFBC}") = "GeometryLibrary", "GeometryLibrary\GeometryLibrary.csproj", "{3268F63D-F16B-46A8-97E2-F16154F5F09A}"
EndProject
Project("{FAE04EC0-301F-11D3-BF4B-00C04F79EFBC}") = "GeometryApp", "GeometryApp\GeometryApp.csproj", "{DD2F29DF-48CD-45E1-B4CF-E72AAEB37172}"
EndProject
Global
	GlobalSection(SolutionConfigurationPlatforms) = preSolution
		Debug|Any CPU = Debug|Any CPU
		Release|Any CPU = Release|Any CPU
	EndGlobalSection
	GlobalSection(ProjectConfigurationPlatforms) = postSolution
		{3268F63D-F16B-46A8-97E2-F16154F5F09A}.Debug|Any CPU.ActiveCfg = Debug|Any CPU
		{3268F63D-F16B-46A8-97E2-F16154F5F09A}.Debug|Any CPU.Build.0 = Debug|Any CPU
		{3268F63D-F16B-46A8-97E2-F16154F5F09A}.Release|Any CPU.ActiveCfg = Release|Any CPU
		{3268F63D-F16B-46A8-97E2-F16154F5F09A}.Release|Any CPU.Build.0 = Release|Any CPU
		{DD2F29DF-48CD-45E1-B4CF-E72AAEB37172}.Debug|Any CPU.ActiveCfg = Debug|Any CPU
		{DD2F29DF-48CD-45E1-B4CF-E72AAEB37172}.Debug|Any CPU.Build.0 = Debug|Any CPU
		{DD2F29DF-48CD-45E1-B4CF-E72AAEB37172}.Release|Any CPU.ActiveCfg = Release|Any CPU
		{DD2F29DF-48CD-45E1-B4CF-E72AAEB37172}.Release|Any CPU.Build.0 = Release|Any CPU
	EndGlobalSection
	GlobalSection(SolutionProperties) = preSolution
		HideSolutionNode = FALSE
	EndGlobalSection
EndGlobal
